
Microsoft Visual Studio Solution File, Format Version 12.00
# Visual Studio Version 17
VisualStudioVersion = 17.7.34024.191
MinimumVisualStudioVersion = 10.0.40219.1
Project("{8BC9CEB8-8B4A-11D0-8D11-00A0C91BC942}") = "LinkedBTree#2(ver.CPP)", "LinkedBTree#2(ver.CPP).vcxproj", "{A3B6A682-613B-4BFB-9EAB-CDFFA898A381}"
EndProject
Global
	GlobalSection(SolutionConfigurationPlatforms) = preSolution
		Debug|x64 = Debug|x64
		Debug|x86 = Debug|x86
		Release|x64 = Release|x64
		Release|x86 = Release|x86
	EndGlobalSection
	GlobalSection(ProjectConfigurationPlatforms) = postSolution
		{A3B6A682-613B-4BFB-9EAB-CDFFA898A381}.Debug|x64.ActiveCfg = Debug|x64
		{A3B6A682-613B-4BFB-9EAB-CDFFA898A381}.Debug|x64.Build.0 = Debug|x64
		{A3B6A682-613B-4BFB-9EAB-CDFFA898A381}.Debug|x86.ActiveCfg = Debug|Win32
		{A3B6A682-613B-4BFB-9EAB-CDFFA898A381}.Debug|x86.Build.0 = Debug|Win32
		{A3B6A682-613B-4BFB-9EAB-CDFFA898A381}.Release|x64.ActiveCfg = Release|x64
		{A3B6A682-613B-4BFB-9EAB-CDFFA898A381}.Release|x64.Build.0 = Release|x64
		{A3B6A682-613B-4BFB-9EAB-CDFFA898A381}.Release|x86.ActiveCfg = Release|Win32
		{A3B6A682-613B-4BFB-9EAB-CDFFA898A381}.Release|x86.Build.0 = Release|Win32
	EndGlobalSection
	GlobalSection(SolutionProperties) = preSolution
		HideSolutionNode = FALSE
	EndGlobalSection
	GlobalSection(ExtensibilityGlobals) = postSolution
		SolutionGuid = {32A0816C-A066-4BED-81BA-2167C7F4B980}
	EndGlobalSection
EndGlobal
