
Microsoft Visual Studio Solution File, Format Version 12.00
# Visual Studio Version 17
VisualStudioVersion = 17.7.34024.191
MinimumVisualStudioVersion = 10.0.40219.1
Project("{8BC9CEB8-8B4A-11D0-8D11-00A0C91BC942}") = "연습문제 #3-1", "연습문제 #3-1.vcxproj", "{BB336377-9304-4058-AD55-C1734C9B8D05}"
EndProject
Global
	GlobalSection(SolutionConfigurationPlatforms) = preSolution
		Debug|x64 = Debug|x64
		Debug|x86 = Debug|x86
		Release|x64 = Release|x64
		Release|x86 = Release|x86
	EndGlobalSection
	GlobalSection(ProjectConfigurationPlatforms) = postSolution
		{BB336377-9304-4058-AD55-C1734C9B8D05}.Debug|x64.ActiveCfg = Debug|x64
		{BB336377-9304-4058-AD55-C1734C9B8D05}.Debug|x64.Build.0 = Debug|x64
		{BB336377-9304-4058-AD55-C1734C9B8D05}.Debug|x86.ActiveCfg = Debug|Win32
		{BB336377-9304-4058-AD55-C1734C9B8D05}.Debug|x86.Build.0 = Debug|Win32
		{BB336377-9304-4058-AD55-C1734C9B8D05}.Release|x64.ActiveCfg = Release|x64
		{BB336377-9304-4058-AD55-C1734C9B8D05}.Release|x64.Build.0 = Release|x64
		{BB336377-9304-4058-AD55-C1734C9B8D05}.Release|x86.ActiveCfg = Release|Win32
		{BB336377-9304-4058-AD55-C1734C9B8D05}.Release|x86.Build.0 = Release|Win32
	EndGlobalSection
	GlobalSection(SolutionProperties) = preSolution
		HideSolutionNode = FALSE
	EndGlobalSection
	GlobalSection(ExtensibilityGlobals) = postSolution
		SolutionGuid = {A4E03D79-2D51-4B77-ACCA-FF9EDFE29CED}
	EndGlobalSection
EndGlobal
